
Microsoft Visual Studio Solution File, Format Version 12.00
# Visual Studio Version 16
VisualStudioVersion = 16.0.31410.357
MinimumVisualStudioVersion = 10.0.40219.1
Project("{FAE04EC0-301F-11D3-BF4B-00C04F79EFBC}") = "DapperMigrations", "DapperMigrations\DapperMigrations.csproj", "{86704679-09F0-44E1-A1B6-77995BAADA53}"
EndProject
Global
	GlobalSection(SolutionConfigurationPlatforms) = preSolution
		Debug|Any CPU = Debug|Any CPU
		Release|Any CPU = Release|Any CPU
	EndGlobalSection
	GlobalSection(ProjectConfigurationPlatforms) = postSolution
		{86704679-09F0-44E1-A1B6-77995BAADA53}.Debug|Any CPU.ActiveCfg = Debug|Any CPU
		{86704679-09F0-44E1-A1B6-77995BAADA53}.Debug|Any CPU.Build.0 = Debug|Any CPU
		{86704679-09F0-44E1-A1B6-77995BAADA53}.Release|Any CPU.ActiveCfg = Release|Any CPU
		{86704679-09F0-44E1-A1B6-77995BAADA53}.Release|Any CPU.Build.0 = Release|Any CPU
	EndGlobalSection
	GlobalSection(SolutionProperties) = preSolution
		HideSolutionNode = FALSE
	EndGlobalSection
	GlobalSection(ExtensibilityGlobals) = postSolution
		SolutionGuid = {9FCBEB9B-1B78-485A-B084-ADDE18988390}
	EndGlobalSection
EndGlobal
